
Microsoft Visual Studio Solution File, Format Version 12.00
# Visual Studio 15
VisualStudioVersion = 15.0.28307.136
MinimumVisualStudioVersion = 10.0.40219.1
Project("{FAE04EC0-301F-11D3-BF4B-00C04F79EFBC}") = "Projekt1", "Projekt1\Projekt1.csproj", "{753DBABF-59EE-4426-997C-063BA066E6BA}"
EndProject
Global
	GlobalSection(SolutionConfigurationPlatforms) = preSolution
		Debug|Any CPU = Debug|Any CPU
		Release|Any CPU = Release|Any CPU
	EndGlobalSection
	GlobalSection(ProjectConfigurationPlatforms) = postSolution
		{753DBABF-59EE-4426-997C-063BA066E6BA}.Debug|Any CPU.ActiveCfg = Debug|Any CPU
		{753DBABF-59EE-4426-997C-063BA066E6BA}.Debug|Any CPU.Build.0 = Debug|Any CPU
		{753DBABF-59EE-4426-997C-063BA066E6BA}.Release|Any CPU.ActiveCfg = Release|Any CPU
		{753DBABF-59EE-4426-997C-063BA066E6BA}.Release|Any CPU.Build.0 = Release|Any CPU
	EndGlobalSection
	GlobalSection(SolutionProperties) = preSolution
		HideSolutionNode = FALSE
	EndGlobalSection
	GlobalSection(ExtensibilityGlobals) = postSolution
		SolutionGuid = {7965505F-09D2-4178-B94B-3B1DF2A2A459}
	EndGlobalSection
EndGlobal
